
Microsoft Visual Studio Solution File, Format Version 12.00
# Visual Studio Version 16
VisualStudioVersion = 16.0.32630.194
MinimumVisualStudioVersion = 10.0.40219.1
Project("{FAE04EC0-301F-11D3-BF4B-00C04F79EFBC}") = "hastane yonetım", "hastane yonetım\hastane yonetım.csproj", "{46969ADB-94B9-4AB0-8D1F-E182AD4AAB40}"
EndProject
Global
	GlobalSection(SolutionConfigurationPlatforms) = preSolution
		Debug|Any CPU = Debug|Any CPU
		Release|Any CPU = Release|Any CPU
	EndGlobalSection
	GlobalSection(ProjectConfigurationPlatforms) = postSolution
		{46969ADB-94B9-4AB0-8D1F-E182AD4AAB40}.Debug|Any CPU.ActiveCfg = Debug|Any CPU
		{46969ADB-94B9-4AB0-8D1F-E182AD4AAB40}.Debug|Any CPU.Build.0 = Debug|Any CPU
		{46969ADB-94B9-4AB0-8D1F-E182AD4AAB40}.Release|Any CPU.ActiveCfg = Release|Any CPU
		{46969ADB-94B9-4AB0-8D1F-E182AD4AAB40}.Release|Any CPU.Build.0 = Release|Any CPU
	EndGlobalSection
	GlobalSection(SolutionProperties) = preSolution
		HideSolutionNode = FALSE
	EndGlobalSection
	GlobalSection(ExtensibilityGlobals) = postSolution
		SolutionGuid = {89D37D5E-3BFC-49CD-A84B-D76CA4724C1D}
	EndGlobalSection
EndGlobal
